
Microsoft Visual Studio Solution File, Format Version 12.00
# Visual Studio Version 16
VisualStudioVersion = 16.0.30011.22
MinimumVisualStudioVersion = 10.0.40219.1
Project("{FAE04EC0-301F-11D3-BF4B-00C04F79EFBC}") = "GrpcServer", "GrpcServer\GrpcServer.csproj", "{75946278-F058-4A47-BD9B-93A74CD9C7A2}"
EndProject
Project("{FAE04EC0-301F-11D3-BF4B-00C04F79EFBC}") = "GrpcClient", "GrpcClient\GrpcClient.csproj", "{CADC5657-ED21-4BA3-AD49-2A5A238CFDCA}"
EndProject
Global
	GlobalSection(SolutionConfigurationPlatforms) = preSolution
		Debug|Any CPU = Debug|Any CPU
		Release|Any CPU = Release|Any CPU
	EndGlobalSection
	GlobalSection(ProjectConfigurationPlatforms) = postSolution
		{75946278-F058-4A47-BD9B-93A74CD9C7A2}.Debug|Any CPU.ActiveCfg = Debug|Any CPU
		{75946278-F058-4A47-BD9B-93A74CD9C7A2}.Debug|Any CPU.Build.0 = Debug|Any CPU
		{75946278-F058-4A47-BD9B-93A74CD9C7A2}.Release|Any CPU.ActiveCfg = Release|Any CPU
		{75946278-F058-4A47-BD9B-93A74CD9C7A2}.Release|Any CPU.Build.0 = Release|Any CPU
		{CADC5657-ED21-4BA3-AD49-2A5A238CFDCA}.Debug|Any CPU.ActiveCfg = Debug|Any CPU
		{CADC5657-ED21-4BA3-AD49-2A5A238CFDCA}.Debug|Any CPU.Build.0 = Debug|Any CPU
		{CADC5657-ED21-4BA3-AD49-2A5A238CFDCA}.Release|Any CPU.ActiveCfg = Release|Any CPU
		{CADC5657-ED21-4BA3-AD49-2A5A238CFDCA}.Release|Any CPU.Build.0 = Release|Any CPU
	EndGlobalSection
	GlobalSection(SolutionProperties) = preSolution
		HideSolutionNode = FALSE
	EndGlobalSection
	GlobalSection(ExtensibilityGlobals) = postSolution
		SolutionGuid = {3EE9E81A-AFD0-4F39-BF0D-B659BDF1E81A}
	EndGlobalSection
EndGlobal
